
Microsoft Visual Studio Solution File, Format Version 12.00
# Visual Studio Version 17
VisualStudioVersion = 17.7.34024.191
MinimumVisualStudioVersion = 10.0.40219.1
Project("{FAE04EC0-301F-11D3-BF4B-00C04F79EFBC}") = "ShopkeeperNoWait", "ShopkeeperNoWait\ShopkeeperNoWait.csproj", "{A40D733D-95A1-4914-8F73-6CCACED738BD}"
EndProject
Global
	GlobalSection(SolutionConfigurationPlatforms) = preSolution
		Debug|Any CPU = Debug|Any CPU
		Release|Any CPU = Release|Any CPU
	EndGlobalSection
	GlobalSection(ProjectConfigurationPlatforms) = postSolution
		{A40D733D-95A1-4914-8F73-6CCACED738BD}.Debug|Any CPU.ActiveCfg = Debug|Any CPU
		{A40D733D-95A1-4914-8F73-6CCACED738BD}.Debug|Any CPU.Build.0 = Debug|Any CPU
		{A40D733D-95A1-4914-8F73-6CCACED738BD}.Release|Any CPU.ActiveCfg = Release|Any CPU
		{A40D733D-95A1-4914-8F73-6CCACED738BD}.Release|Any CPU.Build.0 = Release|Any CPU
	EndGlobalSection
	GlobalSection(SolutionProperties) = preSolution
		HideSolutionNode = FALSE
	EndGlobalSection
	GlobalSection(ExtensibilityGlobals) = postSolution
		SolutionGuid = {BD536309-E964-4DD8-81D9-8D813B9BD239}
	EndGlobalSection
EndGlobal
